
Microsoft Visual Studio Solution File, Format Version 12.00
# Visual Studio 15
Project("{FAE04EC0-301F-11D3-BF4B-00C04F79EFBC}") = "GreenEconomy.Droid", "GreenEconomy.Droid\GreenEconomy.Droid.csproj", "{54F4771F-0937-4642-B04C-BB94CA505ADE}"
EndProject
Project("{FAE04EC0-301F-11D3-BF4B-00C04F79EFBC}") = "GreenEconomy.iOS", "GreenEconomy.iOS\GreenEconomy.iOS.csproj", "{DBD6AE5D-6BF6-4AC3-9B78-20FB8229A8F6}"
EndProject
Project("{FAE04EC0-301F-11D3-BF4B-00C04F79EFBC}") = "GreenEconomy.UITests", "GreenEconomy.UITests\GreenEconomy.UITests.csproj", "{A714CEF2-1CAD-40CC-ABD6-3B298A7A6DEA}"
EndProject
Project("{FAE04EC0-301F-11D3-BF4B-00C04F79EFBC}") = "GreenEconomy.Forms", "GreenEconomy.Forms\GreenEconomy.Forms.csproj", "{BDA555A7-5A4C-4F6C-9529-5A7AA3AD9A49}"
EndProject
Project("{FAE04EC0-301F-11D3-BF4B-00C04F79EFBC}") = "GreenEconomy.Core", "GreenEconomy.Core\GreenEconomy.Core.csproj", "{A90B088F-9F34-4E1C-B91B-95DAA75AD9D5}"
EndProject
Global
	GlobalSection(SolutionConfigurationPlatforms) = preSolution
		Debug|Any CPU = Debug|Any CPU
		Release|Any CPU = Release|Any CPU
		Debug|iPhoneSimulator = Debug|iPhoneSimulator
		Release|iPhoneSimulator = Release|iPhoneSimulator
		Debug|iPhone = Debug|iPhone
		Release|iPhone = Release|iPhone
	EndGlobalSection
	GlobalSection(ProjectConfigurationPlatforms) = postSolution
		{54F4771F-0937-4642-B04C-BB94CA505ADE}.Debug|Any CPU.ActiveCfg = Debug|Any CPU
		{54F4771F-0937-4642-B04C-BB94CA505ADE}.Debug|Any CPU.Build.0 = Debug|Any CPU
		{54F4771F-0937-4642-B04C-BB94CA505ADE}.Release|Any CPU.ActiveCfg = Release|Any CPU
		{54F4771F-0937-4642-B04C-BB94CA505ADE}.Release|Any CPU.Build.0 = Release|Any CPU
		{54F4771F-0937-4642-B04C-BB94CA505ADE}.Debug|iPhoneSimulator.ActiveCfg = Debug|Any CPU
		{54F4771F-0937-4642-B04C-BB94CA505ADE}.Debug|iPhoneSimulator.Build.0 = Debug|Any CPU
		{54F4771F-0937-4642-B04C-BB94CA505ADE}.Release|iPhoneSimulator.ActiveCfg = Release|Any CPU
		{54F4771F-0937-4642-B04C-BB94CA505ADE}.Release|iPhoneSimulator.Build.0 = Release|Any CPU
		{54F4771F-0937-4642-B04C-BB94CA505ADE}.Debug|iPhone.ActiveCfg = Debug|Any CPU
		{54F4771F-0937-4642-B04C-BB94CA505ADE}.Debug|iPhone.Build.0 = Debug|Any CPU
		{54F4771F-0937-4642-B04C-BB94CA505ADE}.Release|iPhone.ActiveCfg = Release|Any CPU
		{54F4771F-0937-4642-B04C-BB94CA505ADE}.Release|iPhone.Build.0 = Release|Any CPU
		{DBD6AE5D-6BF6-4AC3-9B78-20FB8229A8F6}.Debug|Any CPU.ActiveCfg = Debug|iPhoneSimulator
		{DBD6AE5D-6BF6-4AC3-9B78-20FB8229A8F6}.Debug|Any CPU.Build.0 = Debug|iPhoneSimulator
		{DBD6AE5D-6BF6-4AC3-9B78-20FB8229A8F6}.Release|Any CPU.ActiveCfg = Release|iPhoneSimulator
		{DBD6AE5D-6BF6-4AC3-9B78-20FB8229A8F6}.Release|Any CPU.Build.0 = Release|iPhoneSimulator
		{DBD6AE5D-6BF6-4AC3-9B78-20FB8229A8F6}.Debug|iPhoneSimulator.ActiveCfg = Debug|iPhoneSimulator
		{DBD6AE5D-6BF6-4AC3-9B78-20FB8229A8F6}.Debug|iPhoneSimulator.Build.0 = Debug|iPhoneSimulator
		{DBD6AE5D-6BF6-4AC3-9B78-20FB8229A8F6}.Release|iPhoneSimulator.ActiveCfg = Release|iPhoneSimulator
		{DBD6AE5D-6BF6-4AC3-9B78-20FB8229A8F6}.Release|iPhoneSimulator.Build.0 = Release|iPhoneSimulator
		{DBD6AE5D-6BF6-4AC3-9B78-20FB8229A8F6}.Debug|iPhone.ActiveCfg = Debug|iPhone
		{DBD6AE5D-6BF6-4AC3-9B78-20FB8229A8F6}.Debug|iPhone.Build.0 = Debug|iPhone
		{DBD6AE5D-6BF6-4AC3-9B78-20FB8229A8F6}.Release|iPhone.ActiveCfg = Release|iPhone
		{DBD6AE5D-6BF6-4AC3-9B78-20FB8229A8F6}.Release|iPhone.Build.0 = Release|iPhone
		{A714CEF2-1CAD-40CC-ABD6-3B298A7A6DEA}.Debug|Any CPU.ActiveCfg = Debug|Any CPU
		{A714CEF2-1CAD-40CC-ABD6-3B298A7A6DEA}.Debug|Any CPU.Build.0 = Debug|Any CPU
		{A714CEF2-1CAD-40CC-ABD6-3B298A7A6DEA}.Release|Any CPU.ActiveCfg = Release|Any CPU
		{A714CEF2-1CAD-40CC-ABD6-3B298A7A6DEA}.Release|Any CPU.Build.0 = Release|Any CPU
		{A714CEF2-1CAD-40CC-ABD6-3B298A7A6DEA}.Debug|iPhoneSimulator.ActiveCfg = Debug|Any CPU
		{A714CEF2-1CAD-40CC-ABD6-3B298A7A6DEA}.Debug|iPhoneSimulator.Build.0 = Debug|Any CPU
		{A714CEF2-1CAD-40CC-ABD6-3B298A7A6DEA}.Release|iPhoneSimulator.ActiveCfg = Release|Any CPU
		{A714CEF2-1CAD-40CC-ABD6-3B298A7A6DEA}.Release|iPhoneSimulator.Build.0 = Release|Any CPU
		{A714CEF2-1CAD-40CC-ABD6-3B298A7A6DEA}.Debug|iPhone.ActiveCfg = Debug|Any CPU
		{A714CEF2-1CAD-40CC-ABD6-3B298A7A6DEA}.Debug|iPhone.Build.0 = Debug|Any CPU
		{A714CEF2-1CAD-40CC-ABD6-3B298A7A6DEA}.Release|iPhone.ActiveCfg = Release|Any CPU
		{A714CEF2-1CAD-40CC-ABD6-3B298A7A6DEA}.Release|iPhone.Build.0 = Release|Any CPU
		{BDA555A7-5A4C-4F6C-9529-5A7AA3AD9A49}.Debug|Any CPU.ActiveCfg = Debug|Any CPU
		{BDA555A7-5A4C-4F6C-9529-5A7AA3AD9A49}.Debug|Any CPU.Build.0 = Debug|Any CPU
		{BDA555A7-5A4C-4F6C-9529-5A7AA3AD9A49}.Release|Any CPU.ActiveCfg = Release|Any CPU
		{BDA555A7-5A4C-4F6C-9529-5A7AA3AD9A49}.Release|Any CPU.Build.0 = Release|Any CPU
		{BDA555A7-5A4C-4F6C-9529-5A7AA3AD9A49}.Debug|iPhoneSimulator.ActiveCfg = Debug|Any CPU
		{BDA555A7-5A4C-4F6C-9529-5A7AA3AD9A49}.Debug|iPhoneSimulator.Build.0 = Debug|Any CPU
		{BDA555A7-5A4C-4F6C-9529-5A7AA3AD9A49}.Release|iPhoneSimulator.ActiveCfg = Release|Any CPU
		{BDA555A7-5A4C-4F6C-9529-5A7AA3AD9A49}.Release|iPhoneSimulator.Build.0 = Release|Any CPU
		{BDA555A7-5A4C-4F6C-9529-5A7AA3AD9A49}.Debug|iPhone.ActiveCfg = Debug|Any CPU
		{BDA555A7-5A4C-4F6C-9529-5A7AA3AD9A49}.Debug|iPhone.Build.0 = Debug|Any CPU
		{BDA555A7-5A4C-4F6C-9529-5A7AA3AD9A49}.Release|iPhone.ActiveCfg = Release|Any CPU
		{BDA555A7-5A4C-4F6C-9529-5A7AA3AD9A49}.Release|iPhone.Build.0 = Release|Any CPU
		{A90B088F-9F34-4E1C-B91B-95DAA75AD9D5}.Debug|Any CPU.ActiveCfg = Debug|Any CPU
		{A90B088F-9F34-4E1C-B91B-95DAA75AD9D5}.Debug|Any CPU.Build.0 = Debug|Any CPU
		{A90B088F-9F34-4E1C-B91B-95DAA75AD9D5}.Release|Any CPU.ActiveCfg = Release|Any CPU
		{A90B088F-9F34-4E1C-B91B-95DAA75AD9D5}.Release|Any CPU.Build.0 = Release|Any CPU
		{A90B088F-9F34-4E1C-B91B-95DAA75AD9D5}.Debug|iPhoneSimulator.ActiveCfg = Debug|Any CPU
		{A90B088F-9F34-4E1C-B91B-95DAA75AD9D5}.Debug|iPhoneSimulator.Build.0 = Debug|Any CPU
		{A90B088F-9F34-4E1C-B91B-95DAA75AD9D5}.Release|iPhoneSimulator.ActiveCfg = Release|Any CPU
		{A90B088F-9F34-4E1C-B91B-95DAA75AD9D5}.Release|iPhoneSimulator.Build.0 = Release|Any CPU
		{A90B088F-9F34-4E1C-B91B-95DAA75AD9D5}.Debug|iPhone.ActiveCfg = Debug|Any CPU
		{A90B088F-9F34-4E1C-B91B-95DAA75AD9D5}.Debug|iPhone.Build.0 = Debug|Any CPU
		{A90B088F-9F34-4E1C-B91B-95DAA75AD9D5}.Release|iPhone.ActiveCfg = Release|Any CPU
		{A90B088F-9F34-4E1C-B91B-95DAA75AD9D5}.Release|iPhone.Build.0 = Release|Any CPU
	EndGlobalSection
EndGlobal
